
Microsoft Visual Studio Solution File, Format Version 12.00
# Visual Studio Version 17
VisualStudioVersion = 17.7.34031.279
MinimumVisualStudioVersion = 10.0.40219.1
Project("{9092AA53-FB77-4645-B42D-1CCCA6BD08BD}") = "ЦК2", "ЦК2\ЦК2.njsproj", "{82170E27-FE1B-49C2-973E-212410222679}"
EndProject
Global
	GlobalSection(SolutionConfigurationPlatforms) = preSolution
		Debug|Any CPU = Debug|Any CPU
		Release|Any CPU = Release|Any CPU
	EndGlobalSection
	GlobalSection(ProjectConfigurationPlatforms) = postSolution
		{82170E27-FE1B-49C2-973E-212410222679}.Debug|Any CPU.ActiveCfg = Debug|Any CPU
		{82170E27-FE1B-49C2-973E-212410222679}.Debug|Any CPU.Build.0 = Debug|Any CPU
		{82170E27-FE1B-49C2-973E-212410222679}.Release|Any CPU.ActiveCfg = Release|Any CPU
		{82170E27-FE1B-49C2-973E-212410222679}.Release|Any CPU.Build.0 = Release|Any CPU
	EndGlobalSection
	GlobalSection(SolutionProperties) = preSolution
		HideSolutionNode = FALSE
	EndGlobalSection
	GlobalSection(ExtensibilityGlobals) = postSolution
		SolutionGuid = {868988B8-05B9-4016-A184-D83DCD5722E7}
	EndGlobalSection
EndGlobal
